// !$*UTF8*$!
{
	archiveVersion = 1;
	classes = {
	};
	objectVersion = 77;
	objects = {

/* Begin PBXContainerItemProxy section */
		17519FD52CC3F4F0002381D8 /* PBXContainerItemProxy */ = {
			isa = PBXContainerItemProxy;
			containerPortal = 17519FBA2CC3F4EB002381D8 /* Project object */;
			proxyType = 1;
			remoteGlobalIDString = 17519FC12CC3F4EB002381D8;
			remoteInfo = Trekrr;
		};
		17519FDF2CC3F4F0002381D8 /* PBXContainerItemProxy */ = {
			isa = PBXContainerItemProxy;
			containerPortal = 17519FBA2CC3F4EB002381D8 /* Project object */;
			proxyType = 1;
			remoteGlobalIDString = 17519FC12CC3F4EB002381D8;
			remoteInfo = Trekrr;
		};
/* End PBXContainerItemProxy section */

/* Begin PBXFileReference section */
		17519FC22CC3F4EB002381D8 /* Trekrr.app */ = {isa = PBXFileReference; explicitFileType = wrapper.application; includeInIndex = 0; path = Trekrr.app; sourceTree = BUILT_PRODUCTS_DIR; };
		17519FD42CC3F4F0002381D8 /* TrekrrTests.xctest */ = {isa = PBXFileReference; explicitFileType = wrapper.cfbundle; includeInIndex = 0; path = TrekrrTests.xctest; sourceTree = BUILT_PRODUCTS_DIR; };
		17519FDE2CC3F4F0002381D8 /* TrekrrUITests.xctest */ = {isa = PBXFileReference; explicitFileType = wrapper.cfbundle; includeInIndex = 0; path = TrekrrUITests.xctest; sourceTree = BUILT_PRODUCTS_DIR; };
/* End PBXFileReference section */

/* Begin PBXFileSystemSynchronizedRootGroup section */
		17519FC42CC3F4EB002381D8 /* Trekrr */ = {
			isa = PBXFileSystemSynchronizedRootGroup;
			path = Trekrr;
			sourceTree = "<group>";
		};
		17519FD72CC3F4F0002381D8 /* TrekrrTests */ = {
			isa = PBXFileSystemSynchronizedRootGroup;
			path = TrekrrTests;
			sourceTree = "<group>";
		};
		17519FE12CC3F4F0002381D8 /* TrekrrUITests */ = {
			isa = PBXFileSystemSynchronizedRootGroup;
			path = TrekrrUITests;
			sourceTree = "<group>";
		};
/* End PBXFileSystemSynchronizedRootGroup section */

/* Begin PBXFrameworksBuildPhase section */
		17519FBF2CC3F4EB002381D8 /* Frameworks */ = {
			isa = PBXFrameworksBuildPhase;
			buildActionMask = 2147483647;
			files = (
			);
			runOnlyForDeploymentPostprocessing = 0;
		};
		17519FD12CC3F4F0002381D8 /* Frameworks */ = {
			isa = PBXFrameworksBuildPhase;
			buildActionMask = 2147483647;
			files = (
			);
			runOnlyForDeploymentPostprocessing = 0;
		};
		17519FDB2CC3F4F0002381D8 /* Frameworks */ = {
			isa = PBXFrameworksBuildPhase;
			buildActionMask = 2147483647;
			files = (
			);
			runOnlyForDeploymentPostprocessing = 0;
		};
/* End PBXFrameworksBuildPhase section */

/* Begin PBXGroup section */
		17519FB92CC3F4EB002381D8 = {
			isa = PBXGroup;
			children = (
				17519FC42CC3F4EB002381D8 /* Trekrr */,
				17519FD72CC3F4F0002381D8 /* TrekrrTests */,
				17519FE12CC3F4F0002381D8 /* TrekrrUITests */,
				17519FC32CC3F4EB002381D8 /* Products */,
			);
			sourceTree = "<group>";
		};
		17519FC32CC3F4EB002381D8 /* Products */ = {
			isa = PBXGroup;
			children = (
				17519FC22CC3F4EB002381D8 /* Trekrr.app */,
				17519FD42CC3F4F0002381D8 /* TrekrrTests.xctest */,
				17519FDE2CC3F4F0002381D8 /* TrekrrUITests.xctest */,
			);
			name = Products;
			sourceTree = "<group>";
		};
/* End PBXGroup section */

/* Begin PBXNativeTarget section */
		17519FC12CC3F4EB002381D8 /* Trekrr */ = {
			isa = PBXNativeTarget;
			buildConfigurationList = 17519FE82CC3F4F0002381D8 /* Build configuration list for PBXNativeTarget "Trekrr" */;
			buildPhases = (
				17519FBE2CC3F4EB002381D8 /* Sources */,
				17519FBF2CC3F4EB002381D8 /* Frameworks */,
				17519FC02CC3F4EB002381D8 /* Resources */,
			);
			buildRules = (
			);
			dependencies = (
			);
			fileSystemSynchronizedGroups = (
				17519FC42CC3F4EB002381D8 /* Trekrr */,
			);
			name = Trekrr;
			packageProductDependencies = (
			);
			productName = Trekrr;
			productReference = 17519FC22CC3F4EB002381D8 /* Trekrr.app */;
			productType = "com.apple.product-type.application";
		};
		17519FD32CC3F4F0002381D8 /* TrekrrTests */ = {
			isa = PBXNativeTarget;
			buildConfigurationList = 17519FEB2CC3F4F0002381D8 /* Build configuration list for PBXNativeTarget "TrekrrTests" */;
			buildPhases = (
				17519FD02CC3F4F0002381D8 /* Sources */,
				17519FD12CC3F4F0002381D8 /* Frameworks */,
				17519FD22CC3F4F0002381D8 /* Resources */,
			);
			buildRules = (
			);
			dependencies = (
				17519FD62CC3F4F0002381D8 /* PBXTargetDependency */,
			);
			fileSystemSynchronizedGroups = (
				17519FD72CC3F4F0002381D8 /* TrekrrTests */,
			);
			name = TrekrrTests;
			packageProductDependencies = (
			);
			productName = TrekrrTests;
			productReference = 17519FD42CC3F4F0002381D8 /* TrekrrTests.xctest */;
			productType = "com.apple.product-type.bundle.unit-test";
		};
		17519FDD2CC3F4F0002381D8 /* TrekrrUITests */ = {
			isa = PBXNativeTarget;
			buildConfigurationList = 17519FEE2CC3F4F0002381D8 /* Build configuration list for PBXNativeTarget "TrekrrUITests" */;
			buildPhases = (
				17519FDA2CC3F4F0002381D8 /* Sources */,
				17519FDB2CC3F4F0002381D8 /* Frameworks */,
				17519FDC2CC3F4F0002381D8 /* Resources */,
			);
			buildRules = (
			);
			dependencies = (
				17519FE02CC3F4F0002381D8 /* PBXTargetDependency */,
			);
			fileSystemSynchronizedGroups = (
				17519FE12CC3F4F0002381D8 /* TrekrrUITests */,
			);
			name = TrekrrUITests;
			packageProductDependencies = (
			);
			productName = TrekrrUITests;
			productReference = 17519FDE2CC3F4F0002381D8 /* TrekrrUITests.xctest */;
			productType = "com.apple.product-type.bundle.ui-testing";
		};
/* End PBXNativeTarget section */

/* Begin PBXProject section */
		17519FBA2CC3F4EB002381D8 /* Project object */ = {
			isa = PBXProject;
			attributes = {
				BuildIndependentTargetsInParallel = 1;
				LastSwiftUpdateCheck = 1600;
				LastUpgradeCheck = 1600;
				TargetAttributes = {
					17519FC12CC3F4EB002381D8 = {
						CreatedOnToolsVersion = 16.0;
					};
					17519FD32CC3F4F0002381D8 = {
						CreatedOnToolsVersion = 16.0;
						TestTargetID = 17519FC12CC3F4EB002381D8;
					};
					17519FDD2CC3F4F0002381D8 = {
						CreatedOnToolsVersion = 16.0;
						TestTargetID = 17519FC12CC3F4EB002381D8;
					};
				};
			};
			buildConfigurationList = 17519FBD2CC3F4EB002381D8 /* Build configuration list for PBXProject "Trekrr" */;
			developmentRegion = en;
			hasScannedForEncodings = 0;
			knownRegions = (
				en,
				Base,
			);
			mainGroup = 17519FB92CC3F4EB002381D8;
			minimizedProjectReferenceProxies = 1;
			preferredProjectObjectVersion = 77;
			productRefGroup = 17519FC32CC3F4EB002381D8 /* Products */;
			projectDirPath = "";
			projectRoot = "";
			targets = (
				17519FC12CC3F4EB002381D8 /* Trekrr */,
				17519FD32CC3F4F0002381D8 /* TrekrrTests */,
				17519FDD2CC3F4F0002381D8 /* TrekrrUITests */,
			);
		};
/* End PBXProject section */

/* Begin PBXResourcesBuildPhase section */
		17519FC02CC3F4EB002381D8 /* Resources */ = {
			isa = PBXResourcesBuildPhase;
			buildActionMask = 2147483647;
			files = (
			);
			runOnlyForDeploymentPostprocessing = 0;
		};
		17519FD22CC3F4F0002381D8 /* Resources */ = {
			isa = PBXResourcesBuildPhase;
			buildActionMask = 2147483647;
			files = (
			);
			runOnlyForDeploymentPostprocessing = 0;
		};
		17519FDC2CC3F4F0002381D8 /* Resources */ = {
			isa = PBXResourcesBuildPhase;
			buildActionMask = 2147483647;
			files = (
			);
			runOnlyForDeploymentPostprocessing = 0;
		};
/* End PBXResourcesBuildPhase section */

/* Begin PBXSourcesBuildPhase section */
		17519FBE2CC3F4EB002381D8 /* Sources */ = {
			isa = PBXSourcesBuildPhase;
			buildActionMask = 2147483647;
			files = (
			);
			runOnlyForDeploymentPostprocessing = 0;
		};
		17519FD02CC3F4F0002381D8 /* Sources */ = {
			isa = PBXSourcesBuildPhase;
			buildActionMask = 2147483647;
			files = (
			);
			runOnlyForDeploymentPostprocessing = 0;
		};
		17519FDA2CC3F4F0002381D8 /* Sources */ = {
			isa = PBXSourcesBuildPhase;
			buildActionMask = 2147483647;
			files = (
			);
			runOnlyForDeploymentPostprocessing = 0;
		};
/* End PBXSourcesBuildPhase section */

/* Begin PBXTargetDependency section */
		17519FD62CC3F4F0002381D8 /* PBXTargetDependency */ = {
			isa = PBXTargetDependency;
			target = 17519FC12CC3F4EB002381D8 /* Trekrr */;
			targetProxy = 17519FD52CC3F4F0002381D8 /* PBXContainerItemProxy */;
		};
		17519FE02CC3F4F0002381D8 /* PBXTargetDependency */ = {
			isa = PBXTargetDependency;
			target = 17519FC12CC3F4EB002381D8 /* Trekrr */;
			targetProxy = 17519FDF2CC3F4F0002381D8 /* PBXContainerItemProxy */;
		};
/* End PBXTargetDependency section */

/* Begin XCBuildConfiguration section */
		17519FE62CC3F4F0002381D8 /* Debug */ = {
			isa = XCBuildConfiguration;
			buildSettings = {
				ALWAYS_SEARCH_USER_PATHS = NO;
				ASSETCATALOG_COMPILER_GENERATE_SWIFT_ASSET_SYMBOL_EXTENSIONS = YES;
				CLANG_ANALYZER_NONNULL = YES;
				CLANG_ANALYZER_NUMBER_OBJECT_CONVERSION = YES_AGGRESSIVE;
				CLANG_CXX_LANGUAGE_STANDARD = "gnu++20";
				CLANG_ENABLE_MODULES = YES;
				CLANG_ENABLE_OBJC_ARC = YES;
				CLANG_ENABLE_OBJC_WEAK = YES;
				CLANG_WARN_BLOCK_CAPTURE_AUTORELEASING = YES;
				CLANG_WARN_BOOL_CONVERSION = YES;
				CLANG_WARN_COMMA = YES;
				CLANG_WARN_CONSTANT_CONVERSION = YES;
				CLANG_WARN_DEPRECATED_OBJC_IMPLEMENTATIONS = YES;
				CLANG_WARN_DIRECT_OBJC_ISA_USAGE = YES_ERROR;
				CLANG_WARN_DOCUMENTATION_COMMENTS = YES;
				CLANG_WARN_EMPTY_BODY = YES;
				CLANG_WARN_ENUM_CONVERSION = YES;
				CLANG_WARN_INFINITE_RECURSION = YES;
				CLANG_WARN_INT_CONVERSION = YES;
				CLANG_WARN_NON_LITERAL_NULL_CONVERSION = YES;
				CLANG_WARN_OBJC_IMPLICIT_RETAIN_SELF = YES;
				CLANG_WARN_OBJC_LITERAL_CONVERSION = YES;
				CLANG_WARN_OBJC_ROOT_CLASS = YES_ERROR;
				CLANG_WARN_QUOTED_INCLUDE_IN_FRAMEWORK_HEADER = YES;
				CLANG_WARN_RANGE_LOOP_ANALYSIS = YES;
				CLANG_WARN_STRICT_PROTOTYPES = YES;
				CLANG_WARN_SUSPICIOUS_MOVE = YES;
				CLANG_WARN_UNGUARDED_AVAILABILITY = YES_AGGRESSIVE;
				CLANG_WARN_UNREACHABLE_CODE = YES;
				CLANG_WARN__DUPLICATE_METHOD_MATCH = YES;
				COPY_PHASE_STRIP = NO;
				DEBUG_INFORMATION_FORMAT = dwarf;
				ENABLE_STRICT_OBJC_MSGSEND = YES;
				ENABLE_TESTABILITY = YES;
				ENABLE_USER_SCRIPT_SANDBOXING = YES;
				GCC_C_LANGUAGE_STANDARD = gnu17;
				GCC_DYNAMIC_NO_PIC = NO;
				GCC_NO_COMMON_BLOCKS = YES;
				GCC_OPTIMIZATION_LEVEL = 0;
				GCC_PREPROCESSOR_DEFINITIONS = (
					"DEBUG=1",
					"$(inherited)",
				);
				GCC_WARN_64_TO_32_BIT_CONVERSION = YES;
				GCC_WARN_ABOUT_RETURN_TYPE = YES_ERROR;
				GCC_WARN_UNDECLARED_SELECTOR = YES;
				GCC_WARN_UNINITIALIZED_AUTOS = YES_AGGRESSIVE;
				GCC_WARN_UNUSED_FUNCTION = YES;
				GCC_WARN_UNUSED_VARIABLE = YES;
				IPHONEOS_DEPLOYMENT_TARGET = 18.0;
				LOCALIZATION_PREFERS_STRING_CATALOGS = YES;
				MTL_ENABLE_DEBUG_INFO = INCLUDE_SOURCE;
				MTL_FAST_MATH = YES;
				ONLY_ACTIVE_ARCH = YES;
				SDKROOT = iphoneos;
				SWIFT_ACTIVE_COMPILATION_CONDITIONS = "DEBUG $(inherited)";
				SWIFT_OPTIMIZATION_LEVEL = "-Onone";
			};
			name = Debug;
		};
		17519FE72CC3F4F0002381D8 /* Release */ = {
			isa = XCBuildConfiguration;
			buildSettings = {
				ALWAYS_SEARCH_USER_PATHS = NO;
				ASSETCATALOG_COMPILER_GENERATE_SWIFT_ASSET_SYMBOL_EXTENSIONS = YES;
				CLANG_ANALYZER_NONNULL = YES;
				CLANG_ANALYZER_NUMBER_OBJECT_CONVERSION = YES_AGGRESSIVE;
				CLANG_CXX_LANGUAGE_STANDARD = "gnu++20";
				CLANG_ENABLE_MODULES = YES;
				CLANG_ENABLE_OBJC_ARC = YES;
				CLANG_ENABLE_OBJC_WEAK = YES;
				CLANG_WARN_BLOCK_CAPTURE_AUTORELEASING = YES;
				CLANG_WARN_BOOL_CONVERSION = YES;
				CLANG_WARN_COMMA = YES;
				CLANG_WARN_CONSTANT_CONVERSION = YES;
				CLANG_WARN_DEPRECATED_OBJC_IMPLEMENTATIONS = YES;
				CLANG_WARN_DIRECT_OBJC_ISA_USAGE = YES_ERROR;
				CLANG_WARN_DOCUMENTATION_COMMENTS = YES;
				CLANG_WARN_EMPTY_BODY = YES;
				CLANG_WARN_ENUM_CONVERSION = YES;
				CLANG_WARN_INFINITE_RECURSION = YES;
				CLANG_WARN_INT_CONVERSION = YES;
				CLANG_WARN_NON_LITERAL_NULL_CONVERSION = YES;
				CLANG_WARN_OBJC_IMPLICIT_RETAIN_SELF = YES;
				CLANG_WARN_OBJC_LITERAL_CONVERSION = YES;
				CLANG_WARN_OBJC_ROOT_CLASS = YES_ERROR;
				CLANG_WARN_QUOTED_INCLUDE_IN_FRAMEWORK_HEADER = YES;
				CLANG_WARN_RANGE_LOOP_ANALYSIS = YES;
				CLANG_WARN_STRICT_PROTOTYPES = YES;
				CLANG_WARN_SUSPICIOUS_MOVE = YES;
				CLANG_WARN_UNGUARDED_AVAILABILITY = YES_AGGRESSIVE;
				CLANG_WARN_UNREACHABLE_CODE = YES;
				CLANG_WARN__DUPLICATE_METHOD_MATCH = YES;
				COPY_PHASE_STRIP = NO;
				DEBUG_INFORMATION_FORMAT = "dwarf-with-dsym";
				ENABLE_NS_ASSERTIONS = NO;
				ENABLE_STRICT_OBJC_MSGSEND = YES;
				ENABLE_USER_SCRIPT_SANDBOXING = YES;
				GCC_C_LANGUAGE_STANDARD = gnu17;
				GCC_NO_COMMON_BLOCKS = YES;
				GCC_WARN_64_TO_32_BIT_CONVERSION = YES;
				GCC_WARN_ABOUT_RETURN_TYPE = YES_ERROR;
				GCC_WARN_UNDECLARED_SELECTOR = YES;
				GCC_WARN_UNINITIALIZED_AUTOS = YES_AGGRESSIVE;
				GCC_WARN_UNUSED_FUNCTION = YES;
				GCC_WARN_UNUSED_VARIABLE = YES;
				IPHONEOS_DEPLOYMENT_TARGET = 18.0;
				LOCALIZATION_PREFERS_STRING_CATALOGS = YES;
				MTL_ENABLE_DEBUG_INFO = NO;
				MTL_FAST_MATH = YES;
				SDKROOT = iphoneos;
				SWIFT_COMPILATION_MODE = wholemodule;
				VALIDATE_PRODUCT = YES;
			};
			name = Release;
		};
		17519FE92CC3F4F0002381D8 /* Debug */ = {
			isa = XCBuildConfiguration;
			buildSettings = {
				ASSETCATALOG_COMPILER_APPICON_NAME = AppIcon;
				ASSETCATALOG_COMPILER_GLOBAL_ACCENT_COLOR_NAME = AccentColor;
				CODE_SIGN_STYLE = Automatic;
				CURRENT_PROJECT_VERSION = 1;
				DEVELOPMENT_ASSET_PATHS = "\"Trekrr/Preview Content\"";
				ENABLE_PREVIEWS = YES;
				GENERATE_INFOPLIST_FILE = YES;
				INFOPLIST_KEY_UIApplicationSceneManifest_Generation = YES;
				INFOPLIST_KEY_UIApplicationSupportsIndirectInputEvents = YES;
				INFOPLIST_KEY_UILaunchScreen_Generation = YES;
				INFOPLIST_KEY_UISupportedInterfaceOrientations_iPad = "UIInterfaceOrientationPortrait UIInterfaceOrientationPortraitUpsideDown UIInterfaceOrientationLandscapeLeft UIInterfaceOrientationLandscapeRight";
				INFOPLIST_KEY_UISupportedInterfaceOrientations_iPhone = "UIInterfaceOrientationPortrait UIInterfaceOrientationLandscapeLeft UIInterfaceOrientationLandscapeRight";
				LD_RUNPATH_SEARCH_PATHS = (
					"$(inherited)",
					"@executable_path/Frameworks",
				);
				MARKETING_VERSION = 1.0;
				PRODUCT_BUNDLE_IDENTIFIER = app.trekrr.Trekrr;
				PRODUCT_NAME = "$(TARGET_NAME)";
				SWIFT_EMIT_LOC_STRINGS = YES;
				SWIFT_VERSION = 5.0;
				TARGETED_DEVICE_FAMILY = "1,2";
			};
			name = Debug;
		};
		17519FEA2CC3F4F0002381D8 /* Release */ = {
			isa = XCBuildConfiguration;
			buildSettings = {
				ASSETCATALOG_COMPILER_APPICON_NAME = AppIcon;
				ASSETCATALOG_COMPILER_GLOBAL_ACCENT_COLOR_NAME = AccentColor;
				CODE_SIGN_STYLE = Automatic;
				CURRENT_PROJECT_VERSION = 1;
				DEVELOPMENT_ASSET_PATHS = "\"Trekrr/Preview Content\"";
				ENABLE_PREVIEWS = YES;
				GENERATE_INFOPLIST_FILE = YES;
				INFOPLIST_KEY_UIApplicationSceneManifest_Generation = YES;
				INFOPLIST_KEY_UIApplicationSupportsIndirectInputEvents = YES;
				INFOPLIST_KEY_UILaunchScreen_Generation = YES;
				INFOPLIST_KEY_UISupportedInterfaceOrientations_iPad = "UIInterfaceOrientationPortrait UIInterfaceOrientationPortraitUpsideDown UIInterfaceOrientationLandscapeLeft UIInterfaceOrientationLandscapeRight";
				INFOPLIST_KEY_UISupportedInterfaceOrientations_iPhone = "UIInterfaceOrientationPortrait UIInterfaceOrientationLandscapeLeft UIInterfaceOrientationLandscapeRight";
				LD_RUNPATH_SEARCH_PATHS = (
					"$(inherited)",
					"@executable_path/Frameworks",
				);
				MARKETING_VERSION = 1.0;
				PRODUCT_BUNDLE_IDENTIFIER = app.trekrr.Trekrr;
				PRODUCT_NAME = "$(TARGET_NAME)";
				SWIFT_EMIT_LOC_STRINGS = YES;
				SWIFT_VERSION = 5.0;
				TARGETED_DEVICE_FAMILY = "1,2";
			};
			name = Release;
		};
		17519FEC2CC3F4F0002381D8 /* Debug */ = {
			isa = XCBuildConfiguration;
			buildSettings = {
				BUNDLE_LOADER = "$(TEST_HOST)";
				CODE_SIGN_STYLE = Automatic;
				CURRENT_PROJECT_VERSION = 1;
				GENERATE_INFOPLIST_FILE = YES;
				IPHONEOS_DEPLOYMENT_TARGET = 18.0;
				MARKETING_VERSION = 1.0;
				PRODUCT_BUNDLE_IDENTIFIER = app.trekrr.TrekrrTests;
				PRODUCT_NAME = "$(TARGET_NAME)";
				SWIFT_EMIT_LOC_STRINGS = NO;
				SWIFT_VERSION = 5.0;
				TARGETED_DEVICE_FAMILY = "1,2";
				TEST_HOST = "$(BUILT_PRODUCTS_DIR)/Trekrr.app/$(BUNDLE_EXECUTABLE_FOLDER_PATH)/Trekrr";
			};
			name = Debug;
		};
		17519FED2CC3F4F0002381D8 /* Release */ = {
			isa = XCBuildConfiguration;
			buildSettings = {
				BUNDLE_LOADER = "$(TEST_HOST)";
				CODE_SIGN_STYLE = Automatic;
				CURRENT_PROJECT_VERSION = 1;
				GENERATE_INFOPLIST_FILE = YES;
				IPHONEOS_DEPLOYMENT_TARGET = 18.0;
				MARKETING_VERSION = 1.0;
				PRODUCT_BUNDLE_IDENTIFIER = app.trekrr.TrekrrTests;
				PRODUCT_NAME = "$(TARGET_NAME)";
				SWIFT_EMIT_LOC_STRINGS = NO;
				SWIFT_VERSION = 5.0;
				TARGETED_DEVICE_FAMILY = "1,2";
				TEST_HOST = "$(BUILT_PRODUCTS_DIR)/Trekrr.app/$(BUNDLE_EXECUTABLE_FOLDER_PATH)/Trekrr";
			};
			name = Release;
		};
		17519FEF2CC3F4F0002381D8 /* Debug */ = {
			isa = XCBuildConfiguration;
			buildSettings = {
				CODE_SIGN_STYLE = Automatic;
				CURRENT_PROJECT_VERSION = 1;
				GENERATE_INFOPLIST_FILE = YES;
				MARKETING_VERSION = 1.0;
				PRODUCT_BUNDLE_IDENTIFIER = app.trekrr.TrekrrUITests;
				PRODUCT_NAME = "$(TARGET_NAME)";
				SWIFT_EMIT_LOC_STRINGS = NO;
				SWIFT_VERSION = 5.0;
				TARGETED_DEVICE_FAMILY = "1,2";
				TEST_TARGET_NAME = Trekrr;
			};
			name = Debug;
		};
		17519FF02CC3F4F0002381D8 /* Release */ = {
			isa = XCBuildConfiguration;
			buildSettings = {
				CODE_SIGN_STYLE = Automatic;
				CURRENT_PROJECT_VERSION = 1;
				GENERATE_INFOPLIST_FILE = YES;
				MARKETING_VERSION = 1.0;
				PRODUCT_BUNDLE_IDENTIFIER = app.trekrr.TrekrrUITests;
				PRODUCT_NAME = "$(TARGET_NAME)";
				SWIFT_EMIT_LOC_STRINGS = NO;
				SWIFT_VERSION = 5.0;
				TARGETED_DEVICE_FAMILY = "1,2";
				TEST_TARGET_NAME = Trekrr;
			};
			name = Release;
		};
/* End XCBuildConfiguration section */

/* Begin XCConfigurationList section */
		17519FBD2CC3F4EB002381D8 /* Build configuration list for PBXProject "Trekrr" */ = {
			isa = XCConfigurationList;
			buildConfigurations = (
				17519FE62CC3F4F0002381D8 /* Debug */,
				17519FE72CC3F4F0002381D8 /* Release */,
			);
			defaultConfigurationIsVisible = 0;
			defaultConfigurationName = Release;
		};
		17519FE82CC3F4F0002381D8 /* Build configuration list for PBXNativeTarget "Trekrr" */ = {
			isa = XCConfigurationList;
			buildConfigurations = (
				17519FE92CC3F4F0002381D8 /* Debug */,
				17519FEA2CC3F4F0002381D8 /* Release */,
			);
			defaultConfigurationIsVisible = 0;
			defaultConfigurationName = Release;
		};
		17519FEB2CC3F4F0002381D8 /* Build configuration list for PBXNativeTarget "TrekrrTests" */ = {
			isa = XCConfigurationList;
			buildConfigurations = (
				17519FEC2CC3F4F0002381D8 /* Debug */,
				17519FED2CC3F4F0002381D8 /* Release */,
			);
			defaultConfigurationIsVisible = 0;
			defaultConfigurationName = Release;
		};
		17519FEE2CC3F4F0002381D8 /* Build configuration list for PBXNativeTarget "TrekrrUITests" */ = {
			isa = XCConfigurationList;
			buildConfigurations = (
				17519FEF2CC3F4F0002381D8 /* Debug */,
				17519FF02CC3F4F0002381D8 /* Release */,
			);
			defaultConfigurationIsVisible = 0;
			defaultConfigurationName = Release;
		};
/* End XCConfigurationList section */
	};
	rootObject = 17519FBA2CC3F4EB002381D8 /* Project object */;
}
